
Microsoft Visual Studio Solution File, Format Version 12.00
# Visual Studio Version 17
VisualStudioVersion = 17.8.34330.188
MinimumVisualStudioVersion = 10.0.40219.1
Project("{2150E333-8FDC-42A3-9474-1A3956D46DE8}") = "Lesson1", "Lesson1", "{7080E401-DAC8-4C0A-9A07-2B3B6BD9050A}"
EndProject
Project("{FAE04EC0-301F-11D3-BF4B-00C04F79EFBC}") = "Lesson1A", "Lesson1\Lesson1A\Lesson1A.csproj", "{515F2D7D-C563-4690-B406-BB986E3BE3C1}"
EndProject
Project("{FAE04EC0-301F-11D3-BF4B-00C04F79EFBC}") = "Lesson1B", "Lesson1\Lesson1B\Lesson1B.csproj", "{DBE7472D-A1A4-4BB5-AF84-EEBB9BB59573}"
EndProject
Global
	GlobalSection(SolutionConfigurationPlatforms) = preSolution
		Debug|Any CPU = Debug|Any CPU
		Release|Any CPU = Release|Any CPU
	EndGlobalSection
	GlobalSection(ProjectConfigurationPlatforms) = postSolution
		{515F2D7D-C563-4690-B406-BB986E3BE3C1}.Debug|Any CPU.ActiveCfg = Debug|Any CPU
		{515F2D7D-C563-4690-B406-BB986E3BE3C1}.Debug|Any CPU.Build.0 = Debug|Any CPU
		{515F2D7D-C563-4690-B406-BB986E3BE3C1}.Release|Any CPU.ActiveCfg = Release|Any CPU
		{515F2D7D-C563-4690-B406-BB986E3BE3C1}.Release|Any CPU.Build.0 = Release|Any CPU
		{DBE7472D-A1A4-4BB5-AF84-EEBB9BB59573}.Debug|Any CPU.ActiveCfg = Debug|Any CPU
		{DBE7472D-A1A4-4BB5-AF84-EEBB9BB59573}.Debug|Any CPU.Build.0 = Debug|Any CPU
		{DBE7472D-A1A4-4BB5-AF84-EEBB9BB59573}.Release|Any CPU.ActiveCfg = Release|Any CPU
		{DBE7472D-A1A4-4BB5-AF84-EEBB9BB59573}.Release|Any CPU.Build.0 = Release|Any CPU
	EndGlobalSection
	GlobalSection(SolutionProperties) = preSolution
		HideSolutionNode = FALSE
	EndGlobalSection
	GlobalSection(NestedProjects) = preSolution
		{515F2D7D-C563-4690-B406-BB986E3BE3C1} = {7080E401-DAC8-4C0A-9A07-2B3B6BD9050A}
		{DBE7472D-A1A4-4BB5-AF84-EEBB9BB59573} = {7080E401-DAC8-4C0A-9A07-2B3B6BD9050A}
	EndGlobalSection
	GlobalSection(ExtensibilityGlobals) = postSolution
		SolutionGuid = {0ABB6F88-26BC-41E1-AB3F-FDA3D70A1E57}
	EndGlobalSection
EndGlobal
